
Microsoft Visual Studio Solution File, Format Version 12.00
# Visual Studio Version 16
VisualStudioVersion = 16.0.31105.61
MinimumVisualStudioVersion = 10.0.40219.1
Project("{8BC9CEB8-8B4A-11D0-8D11-00A0C91BC942}") = "ATLService", "ATLService\ATLService.vcxproj", "{AD86E57E-C7FE-4C7B-B829-988F010BDB24}"
EndProject
Project("{8BC9CEB8-8B4A-11D0-8D11-00A0C91BC942}") = "ATLServicePS", "ATLServicePS\ATLServicePS.vcxproj", "{1E597F36-E10F-4A6C-A561-A7AD69FA8DD4}"
	ProjectSection(ProjectDependencies) = postProject
		{AD86E57E-C7FE-4C7B-B829-988F010BDB24} = {AD86E57E-C7FE-4C7B-B829-988F010BDB24}
	EndProjectSection
EndProject
Project("{8BC9CEB8-8B4A-11D0-8D11-00A0C91BC942}") = "ConsoleService", "ConsoleService\ConsoleService.vcxproj", "{8DFF162A-7942-4C28-B838-4364955FE92C}"
EndProject
Global
	GlobalSection(SolutionConfigurationPlatforms) = preSolution
		Debug|x64 = Debug|x64
		Debug|x86 = Debug|x86
		Release|x64 = Release|x64
		Release|x86 = Release|x86
	EndGlobalSection
	GlobalSection(ProjectConfigurationPlatforms) = postSolution
		{AD86E57E-C7FE-4C7B-B829-988F010BDB24}.Debug|x64.ActiveCfg = Debug|x64
		{AD86E57E-C7FE-4C7B-B829-988F010BDB24}.Debug|x64.Build.0 = Debug|x64
		{AD86E57E-C7FE-4C7B-B829-988F010BDB24}.Debug|x86.ActiveCfg = Debug|Win32
		{AD86E57E-C7FE-4C7B-B829-988F010BDB24}.Debug|x86.Build.0 = Debug|Win32
		{AD86E57E-C7FE-4C7B-B829-988F010BDB24}.Release|x64.ActiveCfg = Release|x64
		{AD86E57E-C7FE-4C7B-B829-988F010BDB24}.Release|x64.Build.0 = Release|x64
		{AD86E57E-C7FE-4C7B-B829-988F010BDB24}.Release|x86.ActiveCfg = Release|Win32
		{AD86E57E-C7FE-4C7B-B829-988F010BDB24}.Release|x86.Build.0 = Release|Win32
		{1E597F36-E10F-4A6C-A561-A7AD69FA8DD4}.Debug|x64.ActiveCfg = Debug|x64
		{1E597F36-E10F-4A6C-A561-A7AD69FA8DD4}.Debug|x86.ActiveCfg = Debug|Win32
		{1E597F36-E10F-4A6C-A561-A7AD69FA8DD4}.Release|x64.ActiveCfg = Release|x64
		{1E597F36-E10F-4A6C-A561-A7AD69FA8DD4}.Release|x86.ActiveCfg = Release|Win32
		{8DFF162A-7942-4C28-B838-4364955FE92C}.Debug|x64.ActiveCfg = Debug|x64
		{8DFF162A-7942-4C28-B838-4364955FE92C}.Debug|x64.Build.0 = Debug|x64
		{8DFF162A-7942-4C28-B838-4364955FE92C}.Debug|x86.ActiveCfg = Debug|Win32
		{8DFF162A-7942-4C28-B838-4364955FE92C}.Debug|x86.Build.0 = Debug|Win32
		{8DFF162A-7942-4C28-B838-4364955FE92C}.Release|x64.ActiveCfg = Release|x64
		{8DFF162A-7942-4C28-B838-4364955FE92C}.Release|x64.Build.0 = Release|x64
		{8DFF162A-7942-4C28-B838-4364955FE92C}.Release|x86.ActiveCfg = Release|Win32
		{8DFF162A-7942-4C28-B838-4364955FE92C}.Release|x86.Build.0 = Release|Win32
	EndGlobalSection
	GlobalSection(SolutionProperties) = preSolution
		HideSolutionNode = FALSE
	EndGlobalSection
	GlobalSection(ExtensibilityGlobals) = postSolution
		SolutionGuid = {D8C5E64B-9239-48B8-AE46-57B7EADB8464}
	EndGlobalSection
EndGlobal
